
Microsoft Visual Studio Solution File, Format Version 12.00
# Visual Studio Version 17
VisualStudioVersion = 17.0.31903.59
MinimumVisualStudioVersion = 10.0.40219.1
Project("{2150E333-8FDC-42A3-9474-1A3956D46DE8}") = "server", "server", "{DAD03CFC-D5FA-AC94-41C7-9ABAB326F09E}"
EndProject
Project("{FAE04EC0-301F-11D3-BF4B-00C04F79EFBC}") = "Application", "server\Application\Application.csproj", "{581E5377-A1A3-4BF9-9B87-BA240F1E7249}"
EndProject
Project("{FAE04EC0-301F-11D3-BF4B-00C04F79EFBC}") = "Domain", "server\Domain\Domain.csproj", "{1E16289A-198F-4E8D-8A9D-A8E121640765}"
EndProject
Project("{FAE04EC0-301F-11D3-BF4B-00C04F79EFBC}") = "Infrastructure", "server\Infrastructure\Infrastructure.csproj", "{0FAA8AE7-BCBA-46C9-B077-B946D72E936F}"
EndProject
Project("{2150E333-8FDC-42A3-9474-1A3956D46DE8}") = "WebAPI", "WebAPI", "{44658CEF-AB27-0DD0-CAAC-D171E9D15A16}"
EndProject
Project("{FAE04EC0-301F-11D3-BF4B-00C04F79EFBC}") = "CS2DROP", "server\WebAPI\CS2DROP.csproj", "{D1DAEC9A-FD1E-48A0-8C23-1E40A5CB6D99}"
EndProject
Global
	GlobalSection(SolutionConfigurationPlatforms) = preSolution
		Debug|Any CPU = Debug|Any CPU
		Debug|x64 = Debug|x64
		Debug|x86 = Debug|x86
		Release|Any CPU = Release|Any CPU
		Release|x64 = Release|x64
		Release|x86 = Release|x86
	EndGlobalSection
	GlobalSection(ProjectConfigurationPlatforms) = postSolution
		{581E5377-A1A3-4BF9-9B87-BA240F1E7249}.Debug|Any CPU.ActiveCfg = Debug|Any CPU
		{581E5377-A1A3-4BF9-9B87-BA240F1E7249}.Debug|Any CPU.Build.0 = Debug|Any CPU
		{581E5377-A1A3-4BF9-9B87-BA240F1E7249}.Debug|x64.ActiveCfg = Debug|Any CPU
		{581E5377-A1A3-4BF9-9B87-BA240F1E7249}.Debug|x64.Build.0 = Debug|Any CPU
		{581E5377-A1A3-4BF9-9B87-BA240F1E7249}.Debug|x86.ActiveCfg = Debug|Any CPU
		{581E5377-A1A3-4BF9-9B87-BA240F1E7249}.Debug|x86.Build.0 = Debug|Any CPU
		{581E5377-A1A3-4BF9-9B87-BA240F1E7249}.Release|Any CPU.ActiveCfg = Release|Any CPU
		{581E5377-A1A3-4BF9-9B87-BA240F1E7249}.Release|Any CPU.Build.0 = Release|Any CPU
		{581E5377-A1A3-4BF9-9B87-BA240F1E7249}.Release|x64.ActiveCfg = Release|Any CPU
		{581E5377-A1A3-4BF9-9B87-BA240F1E7249}.Release|x64.Build.0 = Release|Any CPU
		{581E5377-A1A3-4BF9-9B87-BA240F1E7249}.Release|x86.ActiveCfg = Release|Any CPU
		{581E5377-A1A3-4BF9-9B87-BA240F1E7249}.Release|x86.Build.0 = Release|Any CPU
		{1E16289A-198F-4E8D-8A9D-A8E121640765}.Debug|Any CPU.ActiveCfg = Debug|Any CPU
		{1E16289A-198F-4E8D-8A9D-A8E121640765}.Debug|Any CPU.Build.0 = Debug|Any CPU
		{1E16289A-198F-4E8D-8A9D-A8E121640765}.Debug|x64.ActiveCfg = Debug|Any CPU
		{1E16289A-198F-4E8D-8A9D-A8E121640765}.Debug|x64.Build.0 = Debug|Any CPU
		{1E16289A-198F-4E8D-8A9D-A8E121640765}.Debug|x86.ActiveCfg = Debug|Any CPU
		{1E16289A-198F-4E8D-8A9D-A8E121640765}.Debug|x86.Build.0 = Debug|Any CPU
		{1E16289A-198F-4E8D-8A9D-A8E121640765}.Release|Any CPU.ActiveCfg = Release|Any CPU
		{1E16289A-198F-4E8D-8A9D-A8E121640765}.Release|Any CPU.Build.0 = Release|Any CPU
		{1E16289A-198F-4E8D-8A9D-A8E121640765}.Release|x64.ActiveCfg = Release|Any CPU
		{1E16289A-198F-4E8D-8A9D-A8E121640765}.Release|x64.Build.0 = Release|Any CPU
		{1E16289A-198F-4E8D-8A9D-A8E121640765}.Release|x86.ActiveCfg = Release|Any CPU
		{1E16289A-198F-4E8D-8A9D-A8E121640765}.Release|x86.Build.0 = Release|Any CPU
		{0FAA8AE7-BCBA-46C9-B077-B946D72E936F}.Debug|Any CPU.ActiveCfg = Debug|Any CPU
		{0FAA8AE7-BCBA-46C9-B077-B946D72E936F}.Debug|Any CPU.Build.0 = Debug|Any CPU
		{0FAA8AE7-BCBA-46C9-B077-B946D72E936F}.Debug|x64.ActiveCfg = Debug|Any CPU
		{0FAA8AE7-BCBA-46C9-B077-B946D72E936F}.Debug|x64.Build.0 = Debug|Any CPU
		{0FAA8AE7-BCBA-46C9-B077-B946D72E936F}.Debug|x86.ActiveCfg = Debug|Any CPU
		{0FAA8AE7-BCBA-46C9-B077-B946D72E936F}.Debug|x86.Build.0 = Debug|Any CPU
		{0FAA8AE7-BCBA-46C9-B077-B946D72E936F}.Release|Any CPU.ActiveCfg = Release|Any CPU
		{0FAA8AE7-BCBA-46C9-B077-B946D72E936F}.Release|Any CPU.Build.0 = Release|Any CPU
		{0FAA8AE7-BCBA-46C9-B077-B946D72E936F}.Release|x64.ActiveCfg = Release|Any CPU
		{0FAA8AE7-BCBA-46C9-B077-B946D72E936F}.Release|x64.Build.0 = Release|Any CPU
		{0FAA8AE7-BCBA-46C9-B077-B946D72E936F}.Release|x86.ActiveCfg = Release|Any CPU
		{0FAA8AE7-BCBA-46C9-B077-B946D72E936F}.Release|x86.Build.0 = Release|Any CPU
		{D1DAEC9A-FD1E-48A0-8C23-1E40A5CB6D99}.Debug|Any CPU.ActiveCfg = Debug|Any CPU
		{D1DAEC9A-FD1E-48A0-8C23-1E40A5CB6D99}.Debug|Any CPU.Build.0 = Debug|Any CPU
		{D1DAEC9A-FD1E-48A0-8C23-1E40A5CB6D99}.Debug|x64.ActiveCfg = Debug|Any CPU
		{D1DAEC9A-FD1E-48A0-8C23-1E40A5CB6D99}.Debug|x64.Build.0 = Debug|Any CPU
		{D1DAEC9A-FD1E-48A0-8C23-1E40A5CB6D99}.Debug|x86.ActiveCfg = Debug|Any CPU
		{D1DAEC9A-FD1E-48A0-8C23-1E40A5CB6D99}.Debug|x86.Build.0 = Debug|Any CPU
		{D1DAEC9A-FD1E-48A0-8C23-1E40A5CB6D99}.Release|Any CPU.ActiveCfg = Release|Any CPU
		{D1DAEC9A-FD1E-48A0-8C23-1E40A5CB6D99}.Release|Any CPU.Build.0 = Release|Any CPU
		{D1DAEC9A-FD1E-48A0-8C23-1E40A5CB6D99}.Release|x64.ActiveCfg = Release|Any CPU
		{D1DAEC9A-FD1E-48A0-8C23-1E40A5CB6D99}.Release|x64.Build.0 = Release|Any CPU
		{D1DAEC9A-FD1E-48A0-8C23-1E40A5CB6D99}.Release|x86.ActiveCfg = Release|Any CPU
		{D1DAEC9A-FD1E-48A0-8C23-1E40A5CB6D99}.Release|x86.Build.0 = Release|Any CPU
	EndGlobalSection
	GlobalSection(SolutionProperties) = preSolution
		HideSolutionNode = FALSE
	EndGlobalSection
	GlobalSection(NestedProjects) = preSolution
		{581E5377-A1A3-4BF9-9B87-BA240F1E7249} = {DAD03CFC-D5FA-AC94-41C7-9ABAB326F09E}
		{1E16289A-198F-4E8D-8A9D-A8E121640765} = {DAD03CFC-D5FA-AC94-41C7-9ABAB326F09E}
		{0FAA8AE7-BCBA-46C9-B077-B946D72E936F} = {DAD03CFC-D5FA-AC94-41C7-9ABAB326F09E}
		{44658CEF-AB27-0DD0-CAAC-D171E9D15A16} = {DAD03CFC-D5FA-AC94-41C7-9ABAB326F09E}
		{D1DAEC9A-FD1E-48A0-8C23-1E40A5CB6D99} = {44658CEF-AB27-0DD0-CAAC-D171E9D15A16}
	EndGlobalSection
EndGlobal
